
Microsoft Visual Studio Solution File, Format Version 12.00
# Visual Studio Version 17
VisualStudioVersion = 17.9.34616.47
MinimumVisualStudioVersion = 10.0.40219.1
Project("{FAE04EC0-301F-11D3-BF4B-00C04F79EFBC}") = "EditorBit", "EditorBit\EditorBit.csproj", "{8D3074DA-2567-42C9-9CDF-74031E14BB30}"
EndProject
Global
	GlobalSection(SolutionConfigurationPlatforms) = preSolution
		Debug|Any CPU = Debug|Any CPU
		Release|Any CPU = Release|Any CPU
	EndGlobalSection
	GlobalSection(ProjectConfigurationPlatforms) = postSolution
		{8D3074DA-2567-42C9-9CDF-74031E14BB30}.Debug|Any CPU.ActiveCfg = Debug|Any CPU
		{8D3074DA-2567-42C9-9CDF-74031E14BB30}.Debug|Any CPU.Build.0 = Debug|Any CPU
		{8D3074DA-2567-42C9-9CDF-74031E14BB30}.Release|Any CPU.ActiveCfg = Release|Any CPU
		{8D3074DA-2567-42C9-9CDF-74031E14BB30}.Release|Any CPU.Build.0 = Release|Any CPU
	EndGlobalSection
	GlobalSection(SolutionProperties) = preSolution
		HideSolutionNode = FALSE
	EndGlobalSection
	GlobalSection(ExtensibilityGlobals) = postSolution
		SolutionGuid = {A44DA963-82DF-479A-9BA3-4C2B47FBBFFA}
	EndGlobalSection
EndGlobal
